// !$*UTF8*$!
{
	archiveVersion = 1;
	classes = {
	};
	objectVersion = 50;
	objects = {

/* Begin PBXBuildFile section */
		5A930C69DBB38352F7205314 /* Pods_Famous_Quote_Quiz.framework in Frameworks */ = {isa = PBXBuildFile; fileRef = 5C3FBE22364F2AABA867C236 /* Pods_Famous_Quote_Quiz.framework */; };
		D4B8FF8320E0FBCD00E4C290 /* AppDelegate.swift in Sources */ = {isa = PBXBuildFile; fileRef = D4B8FF8220E0FBCD00E4C290 /* AppDelegate.swift */; };
		D4B8FF8820E0FBCD00E4C290 /* Main.storyboard in Resources */ = {isa = PBXBuildFile; fileRef = D4B8FF8620E0FBCD00E4C290 /* Main.storyboard */; };
		D4B8FF8A20E0FBD000E4C290 /* Assets.xcassets in Resources */ = {isa = PBXBuildFile; fileRef = D4B8FF8920E0FBD000E4C290 /* Assets.xcassets */; };
		D4B8FF8D20E0FBD000E4C290 /* LaunchScreen.storyboard in Resources */ = {isa = PBXBuildFile; fileRef = D4B8FF8B20E0FBD000E4C290 /* LaunchScreen.storyboard */; };
		D4B8FF9520E1005000E4C290 /* GoogleService-Info.plist in Resources */ = {isa = PBXBuildFile; fileRef = D4B8FF9420E1004F00E4C290 /* GoogleService-Info.plist */; };
		D4B8FF9720E1112800E4C290 /* LoginViewController.swift in Sources */ = {isa = PBXBuildFile; fileRef = D4B8FF9620E1112800E4C290 /* LoginViewController.swift */; };
		D4B8FF9920E1370C00E4C290 /* Global.swift in Sources */ = {isa = PBXBuildFile; fileRef = D4B8FF9820E1370C00E4C290 /* Global.swift */; };
		D4B8FF9B20E137C100E4C290 /* TabBarViewController.swift in Sources */ = {isa = PBXBuildFile; fileRef = D4B8FF9A20E137C100E4C290 /* TabBarViewController.swift */; };
		D4B8FF9E20E13C5900E4C290 /* ProfileTabBarController.swift in Sources */ = {isa = PBXBuildFile; fileRef = D4B8FF9D20E13C5900E4C290 /* ProfileTabBarController.swift */; };
		D4B8FFA020E13CD200E4C290 /* MainTabBarController.swift in Sources */ = {isa = PBXBuildFile; fileRef = D4B8FF9F20E13CD200E4C290 /* MainTabBarController.swift */; };
		D4B8FFA220E13CE400E4C290 /* SettingsTabBarController.swift in Sources */ = {isa = PBXBuildFile; fileRef = D4B8FFA120E13CE400E4C290 /* SettingsTabBarController.swift */; };
		D4B8FFA420E1662500E4C290 /* Extensions.swift in Sources */ = {isa = PBXBuildFile; fileRef = D4B8FFA320E1662500E4C290 /* Extensions.swift */; };
		D4B8FFA620E24AC600E4C290 /* Question.swift in Sources */ = {isa = PBXBuildFile; fileRef = D4B8FFA520E24AC600E4C290 /* Question.swift */; };
		D4B8FFA820E24C7300E4C290 /* Аuthor.swift in Sources */ = {isa = PBXBuildFile; fileRef = D4B8FFA720E24C7300E4C290 /* Аuthor.swift */; };
		D4B8FFAB20E251BA00E4C290 /* Quotes.swift in Sources */ = {isa = PBXBuildFile; fileRef = D4B8FFAA20E251BA00E4C290 /* Quotes.swift */; };
		D4B8FFAD20E2BD2300E4C290 /* ScoreViewController.swift in Sources */ = {isa = PBXBuildFile; fileRef = D4B8FFAC20E2BD2300E4C290 /* ScoreViewController.swift */; };
/* End PBXBuildFile section */

/* Begin PBXFileReference section */
		20883127F410C41CA118DD08 /* Pods-Famous Quote Quiz.release.xcconfig */ = {isa = PBXFileReference; includeInIndex = 1; lastKnownFileType = text.xcconfig; name = "Pods-Famous Quote Quiz.release.xcconfig"; path = "Pods/Target Support Files/Pods-Famous Quote Quiz/Pods-Famous Quote Quiz.release.xcconfig"; sourceTree = "<group>"; };
		5C3FBE22364F2AABA867C236 /* Pods_Famous_Quote_Quiz.framework */ = {isa = PBXFileReference; explicitFileType = wrapper.framework; includeInIndex = 0; path = Pods_Famous_Quote_Quiz.framework; sourceTree = BUILT_PRODUCTS_DIR; };
		B3808CBF5B21CC98BA231569 /* Pods-Famous Quote Quiz.debug.xcconfig */ = {isa = PBXFileReference; includeInIndex = 1; lastKnownFileType = text.xcconfig; name = "Pods-Famous Quote Quiz.debug.xcconfig"; path = "Pods/Target Support Files/Pods-Famous Quote Quiz/Pods-Famous Quote Quiz.debug.xcconfig"; sourceTree = "<group>"; };
		D4B8FF7F20E0FBCD00E4C290 /* Famous Quote Quiz.app */ = {isa = PBXFileReference; explicitFileType = wrapper.application; includeInIndex = 0; path = "Famous Quote Quiz.app"; sourceTree = BUILT_PRODUCTS_DIR; };
		D4B8FF8220E0FBCD00E4C290 /* AppDelegate.swift */ = {isa = PBXFileReference; lastKnownFileType = sourcecode.swift; path = AppDelegate.swift; sourceTree = "<group>"; };
		D4B8FF8720E0FBCD00E4C290 /* Base */ = {isa = PBXFileReference; lastKnownFileType = file.storyboard; name = Base; path = Base.lproj/Main.storyboard; sourceTree = "<group>"; };
		D4B8FF8920E0FBD000E4C290 /* Assets.xcassets */ = {isa = PBXFileReference; lastKnownFileType = folder.assetcatalog; path = Assets.xcassets; sourceTree = "<group>"; };
		D4B8FF8C20E0FBD000E4C290 /* Base */ = {isa = PBXFileReference; lastKnownFileType = file.storyboard; name = Base; path = Base.lproj/LaunchScreen.storyboard; sourceTree = "<group>"; };
		D4B8FF8E20E0FBD100E4C290 /* Info.plist */ = {isa = PBXFileReference; lastKnownFileType = text.plist.xml; path = Info.plist; sourceTree = "<group>"; };
		D4B8FF9420E1004F00E4C290 /* GoogleService-Info.plist */ = {isa = PBXFileReference; fileEncoding = 4; lastKnownFileType = text.plist.xml; path = "GoogleService-Info.plist"; sourceTree = "<group>"; };
		D4B8FF9620E1112800E4C290 /* LoginViewController.swift */ = {isa = PBXFileReference; lastKnownFileType = sourcecode.swift; path = LoginViewController.swift; sourceTree = "<group>"; };
		D4B8FF9820E1370C00E4C290 /* Global.swift */ = {isa = PBXFileReference; lastKnownFileType = sourcecode.swift; path = Global.swift; sourceTree = "<group>"; };
		D4B8FF9A20E137C100E4C290 /* TabBarViewController.swift */ = {isa = PBXFileReference; lastKnownFileType = sourcecode.swift; path = TabBarViewController.swift; sourceTree = "<group>"; };
		D4B8FF9D20E13C5900E4C290 /* ProfileTabBarController.swift */ = {isa = PBXFileReference; lastKnownFileType = sourcecode.swift; path = ProfileTabBarController.swift; sourceTree = "<group>"; };
		D4B8FF9F20E13CD200E4C290 /* MainTabBarController.swift */ = {isa = PBXFileReference; lastKnownFileType = sourcecode.swift; path = MainTabBarController.swift; sourceTree = "<group>"; };
		D4B8FFA120E13CE400E4C290 /* SettingsTabBarController.swift */ = {isa = PBXFileReference; lastKnownFileType = sourcecode.swift; path = SettingsTabBarController.swift; sourceTree = "<group>"; };
		D4B8FFA320E1662500E4C290 /* Extensions.swift */ = {isa = PBXFileReference; lastKnownFileType = sourcecode.swift; path = Extensions.swift; sourceTree = "<group>"; };
		D4B8FFA520E24AC600E4C290 /* Question.swift */ = {isa = PBXFileReference; lastKnownFileType = sourcecode.swift; path = Question.swift; sourceTree = "<group>"; };
		D4B8FFA720E24C7300E4C290 /* Аuthor.swift */ = {isa = PBXFileReference; lastKnownFileType = sourcecode.swift; path = "Аuthor.swift"; sourceTree = "<group>"; };
		D4B8FFAA20E251BA00E4C290 /* Quotes.swift */ = {isa = PBXFileReference; lastKnownFileType = sourcecode.swift; path = Quotes.swift; sourceTree = "<group>"; };
		D4B8FFAC20E2BD2300E4C290 /* ScoreViewController.swift */ = {isa = PBXFileReference; lastKnownFileType = sourcecode.swift; path = ScoreViewController.swift; sourceTree = "<group>"; };
/* End PBXFileReference section */

/* Begin PBXFrameworksBuildPhase section */
		D4B8FF7C20E0FBCD00E4C290 /* Frameworks */ = {
			isa = PBXFrameworksBuildPhase;
			buildActionMask = 2147483647;
			files = (
				5A930C69DBB38352F7205314 /* Pods_Famous_Quote_Quiz.framework in Frameworks */,
			);
			runOnlyForDeploymentPostprocessing = 0;
		};
/* End PBXFrameworksBuildPhase section */

/* Begin PBXGroup section */
		1FB11B1CDEC921B3350FE71B /* Frameworks */ = {
			isa = PBXGroup;
			children = (
				5C3FBE22364F2AABA867C236 /* Pods_Famous_Quote_Quiz.framework */,
			);
			name = Frameworks;
			sourceTree = "<group>";
		};
		CE98E11999A82E08C83E9FEB /* Pods */ = {
			isa = PBXGroup;
			children = (
				B3808CBF5B21CC98BA231569 /* Pods-Famous Quote Quiz.debug.xcconfig */,
				20883127F410C41CA118DD08 /* Pods-Famous Quote Quiz.release.xcconfig */,
			);
			name = Pods;
			sourceTree = "<group>";
		};
		D4B8FF7620E0FBCD00E4C290 = {
			isa = PBXGroup;
			children = (
				D4B8FF8120E0FBCD00E4C290 /* Famous Quote Quiz */,
				D4B8FF8020E0FBCD00E4C290 /* Products */,
				CE98E11999A82E08C83E9FEB /* Pods */,
				1FB11B1CDEC921B3350FE71B /* Frameworks */,
			);
			sourceTree = "<group>";
		};
		D4B8FF8020E0FBCD00E4C290 /* Products */ = {
			isa = PBXGroup;
			children = (
				D4B8FF7F20E0FBCD00E4C290 /* Famous Quote Quiz.app */,
			);
			name = Products;
			sourceTree = "<group>";
		};
		D4B8FF8120E0FBCD00E4C290 /* Famous Quote Quiz */ = {
			isa = PBXGroup;
			children = (
				D4B8FF9C20E13B7900E4C290 /* ViewControllers */,
				D4B8FFA920E2519D00E4C290 /* Model */,
				D4E0E87F20E3D0F800F6A660 /* View */,
				D4B8FF8220E0FBCD00E4C290 /* AppDelegate.swift */,
				D4B8FF9820E1370C00E4C290 /* Global.swift */,
				D4B8FFA320E1662500E4C290 /* Extensions.swift */,
				D4B8FF8B20E0FBD000E4C290 /* LaunchScreen.storyboard */,
				D4B8FF8E20E0FBD100E4C290 /* Info.plist */,
				D4B8FF9420E1004F00E4C290 /* GoogleService-Info.plist */,
			);
			path = "Famous Quote Quiz";
			sourceTree = "<group>";
		};
		D4B8FF9C20E13B7900E4C290 /* ViewControllers */ = {
			isa = PBXGroup;
			children = (
				D4B8FF9620E1112800E4C290 /* LoginViewController.swift */,
				D4B8FF9A20E137C100E4C290 /* TabBarViewController.swift */,
				D4B8FF9F20E13CD200E4C290 /* MainTabBarController.swift */,
				D4B8FF9D20E13C5900E4C290 /* ProfileTabBarController.swift */,
				D4B8FFAC20E2BD2300E4C290 /* ScoreViewController.swift */,
				D4B8FFA120E13CE400E4C290 /* SettingsTabBarController.swift */,
			);
			path = ViewControllers;
			sourceTree = "<group>";
		};
		D4B8FFA920E2519D00E4C290 /* Model */ = {
			isa = PBXGroup;
			children = (
				D4B8FFA520E24AC600E4C290 /* Question.swift */,
				D4B8FFA720E24C7300E4C290 /* Аuthor.swift */,
				D4B8FFAA20E251BA00E4C290 /* Quotes.swift */,
			);
			path = Model;
			sourceTree = "<group>";
		};
		D4E0E87F20E3D0F800F6A660 /* View */ = {
			isa = PBXGroup;
			children = (
				D4B8FF8620E0FBCD00E4C290 /* Main.storyboard */,
				D4B8FF8920E0FBD000E4C290 /* Assets.xcassets */,
			);
			path = View;
			sourceTree = "<group>";
		};
/* End PBXGroup section */

/* Begin PBXNativeTarget section */
		D4B8FF7E20E0FBCD00E4C290 /* Famous Quote Quiz */ = {
			isa = PBXNativeTarget;
			buildConfigurationList = D4B8FF9120E0FBD100E4C290 /* Build configuration list for PBXNativeTarget "Famous Quote Quiz" */;
			buildPhases = (
				58F1E0EAD283FBD24FD1241E /* [CP] Check Pods Manifest.lock */,
				D4B8FF7B20E0FBCD00E4C290 /* Sources */,
				D4B8FF7C20E0FBCD00E4C290 /* Frameworks */,
				D4B8FF7D20E0FBCD00E4C290 /* Resources */,
				79AA4C0A293BCD4028AAD348 /* [CP] Embed Pods Frameworks */,
			);
			buildRules = (
			);
			dependencies = (
			);
			name = "Famous Quote Quiz";
			productName = "Famous Quote Quiz";
			productReference = D4B8FF7F20E0FBCD00E4C290 /* Famous Quote Quiz.app */;
			productType = "com.apple.product-type.application";
		};
/* End PBXNativeTarget section */

/* Begin PBXProject section */
		D4B8FF7720E0FBCD00E4C290 /* Project object */ = {
			isa = PBXProject;
			attributes = {
				LastSwiftUpdateCheck = 0940;
				LastUpgradeCheck = 0940;
				ORGANIZATIONNAME = "Dobromir Penev";
				TargetAttributes = {
					D4B8FF7E20E0FBCD00E4C290 = {
						CreatedOnToolsVersion = 9.4.1;
					};
				};
			};
			buildConfigurationList = D4B8FF7A20E0FBCD00E4C290 /* Build configuration list for PBXProject "Famous Quote Quiz" */;
			compatibilityVersion = "Xcode 9.3";
			developmentRegion = en;
			hasScannedForEncodings = 0;
			knownRegions = (
				en,
				Base,
			);
			mainGroup = D4B8FF7620E0FBCD00E4C290;
			productRefGroup = D4B8FF8020E0FBCD00E4C290 /* Products */;
			projectDirPath = "";
			projectRoot = "";
			targets = (
				D4B8FF7E20E0FBCD00E4C290 /* Famous Quote Quiz */,
			);
		};
/* End PBXProject section */

/* Begin PBXResourcesBuildPhase section */
		D4B8FF7D20E0FBCD00E4C290 /* Resources */ = {
			isa = PBXResourcesBuildPhase;
			buildActionMask = 2147483647;
			files = (
				D4B8FF8D20E0FBD000E4C290 /* LaunchScreen.storyboard in Resources */,
				D4B8FF9520E1005000E4C290 /* GoogleService-Info.plist in Resources */,
				D4B8FF8A20E0FBD000E4C290 /* Assets.xcassets in Resources */,
				D4B8FF8820E0FBCD00E4C290 /* Main.storyboard in Resources */,
			);
			runOnlyForDeploymentPostprocessing = 0;
		};
/* End PBXResourcesBuildPhase section */

/* Begin PBXShellScriptBuildPhase section */
		58F1E0EAD283FBD24FD1241E /* [CP] Check Pods Manifest.lock */ = {
			isa = PBXShellScriptBuildPhase;
			buildActionMask = 2147483647;
			files = (
			);
			inputPaths = (
				"${PODS_PODFILE_DIR_PATH}/Podfile.lock",
				"${PODS_ROOT}/Manifest.lock",
			);
			name = "[CP] Check Pods Manifest.lock";
			outputPaths = (
				"$(DERIVED_FILE_DIR)/Pods-Famous Quote Quiz-checkManifestLockResult.txt",
			);
			runOnlyForDeploymentPostprocessing = 0;
			shellPath = /bin/sh;
			shellScript = "diff \"${PODS_PODFILE_DIR_PATH}/Podfile.lock\" \"${PODS_ROOT}/Manifest.lock\" > /dev/null\nif [ $? != 0 ] ; then\n    # print error to STDERR\n    echo \"error: The sandbox is not in sync with the Podfile.lock. Run 'pod install' or update your CocoaPods installation.\" >&2\n    exit 1\nfi\n# This output is used by Xcode 'outputs' to avoid re-running this script phase.\necho \"SUCCESS\" > \"${SCRIPT_OUTPUT_FILE_0}\"\n";
			showEnvVarsInLog = 0;
		};
		79AA4C0A293BCD4028AAD348 /* [CP] Embed Pods Frameworks */ = {
			isa = PBXShellScriptBuildPhase;
			buildActionMask = 2147483647;
			files = (
			);
			inputPaths = (
				"${SRCROOT}/Pods/Target Support Files/Pods-Famous Quote Quiz/Pods-Famous Quote Quiz-frameworks.sh",
				"${BUILT_PRODUCTS_DIR}/GTMSessionFetcher/GTMSessionFetcher.framework",
				"${BUILT_PRODUCTS_DIR}/GoogleToolboxForMac/GoogleToolboxForMac.framework",
				"${BUILT_PRODUCTS_DIR}/nanopb/nanopb.framework",
			);
			name = "[CP] Embed Pods Frameworks";
			outputPaths = (
				"${TARGET_BUILD_DIR}/${FRAMEWORKS_FOLDER_PATH}/GTMSessionFetcher.framework",
				"${TARGET_BUILD_DIR}/${FRAMEWORKS_FOLDER_PATH}/GoogleToolboxForMac.framework",
				"${TARGET_BUILD_DIR}/${FRAMEWORKS_FOLDER_PATH}/nanopb.framework",
			);
			runOnlyForDeploymentPostprocessing = 0;
			shellPath = /bin/sh;
			shellScript = "\"${SRCROOT}/Pods/Target Support Files/Pods-Famous Quote Quiz/Pods-Famous Quote Quiz-frameworks.sh\"\n";
			showEnvVarsInLog = 0;
		};
/* End PBXShellScriptBuildPhase section */

/* Begin PBXSourcesBuildPhase section */
		D4B8FF7B20E0FBCD00E4C290 /* Sources */ = {
			isa = PBXSourcesBuildPhase;
			buildActionMask = 2147483647;
			files = (
				D4B8FF9B20E137C100E4C290 /* TabBarViewController.swift in Sources */,
				D4B8FF9720E1112800E4C290 /* LoginViewController.swift in Sources */,
				D4B8FFA020E13CD200E4C290 /* MainTabBarController.swift in Sources */,
				D4B8FFA620E24AC600E4C290 /* Question.swift in Sources */,
				D4B8FFA420E1662500E4C290 /* Extensions.swift in Sources */,
				D4B8FF8320E0FBCD00E4C290 /* AppDelegate.swift in Sources */,
				D4B8FF9E20E13C5900E4C290 /* ProfileTabBarController.swift in Sources */,
				D4B8FF9920E1370C00E4C290 /* Global.swift in Sources */,
				D4B8FFAB20E251BA00E4C290 /* Quotes.swift in Sources */,
				D4B8FFA220E13CE400E4C290 /* SettingsTabBarController.swift in Sources */,
				D4B8FFA820E24C7300E4C290 /* Аuthor.swift in Sources */,
				D4B8FFAD20E2BD2300E4C290 /* ScoreViewController.swift in Sources */,
			);
			runOnlyForDeploymentPostprocessing = 0;
		};
/* End PBXSourcesBuildPhase section */

/* Begin PBXVariantGroup section */
		D4B8FF8620E0FBCD00E4C290 /* Main.storyboard */ = {
			isa = PBXVariantGroup;
			children = (
				D4B8FF8720E0FBCD00E4C290 /* Base */,
			);
			name = Main.storyboard;
			sourceTree = "<group>";
		};
		D4B8FF8B20E0FBD000E4C290 /* LaunchScreen.storyboard */ = {
			isa = PBXVariantGroup;
			children = (
				D4B8FF8C20E0FBD000E4C290 /* Base */,
			);
			name = LaunchScreen.storyboard;
			sourceTree = "<group>";
		};
/* End PBXVariantGroup section */

/* Begin XCBuildConfiguration section */
		D4B8FF8F20E0FBD100E4C290 /* Debug */ = {
			isa = XCBuildConfiguration;
			buildSettings = {
				ALWAYS_SEARCH_USER_PATHS = NO;
				CLANG_ANALYZER_NONNULL = YES;
				CLANG_ANALYZER_NUMBER_OBJECT_CONVERSION = YES_AGGRESSIVE;
				CLANG_CXX_LANGUAGE_STANDARD = "gnu++14";
				CLANG_CXX_LIBRARY = "libc++";
				CLANG_ENABLE_MODULES = YES;
				CLANG_ENABLE_OBJC_ARC = YES;
				CLANG_ENABLE_OBJC_WEAK = YES;
				CLANG_WARN_BLOCK_CAPTURE_AUTORELEASING = YES;
				CLANG_WARN_BOOL_CONVERSION = YES;
				CLANG_WARN_COMMA = YES;
				CLANG_WARN_CONSTANT_CONVERSION = YES;
				CLANG_WARN_DEPRECATED_OBJC_IMPLEMENTATIONS = YES;
				CLANG_WARN_DIRECT_OBJC_ISA_USAGE = YES_ERROR;
				CLANG_WARN_DOCUMENTATION_COMMENTS = YES;
				CLANG_WARN_EMPTY_BODY = YES;
				CLANG_WARN_ENUM_CONVERSION = YES;
				CLANG_WARN_INFINITE_RECURSION = YES;
				CLANG_WARN_INT_CONVERSION = YES;
				CLANG_WARN_NON_LITERAL_NULL_CONVERSION = YES;
				CLANG_WARN_OBJC_IMPLICIT_RETAIN_SELF = YES;
				CLANG_WARN_OBJC_LITERAL_CONVERSION = YES;
				CLANG_WARN_OBJC_ROOT_CLASS = YES_ERROR;
				CLANG_WARN_RANGE_LOOP_ANALYSIS = YES;
				CLANG_WARN_STRICT_PROTOTYPES = YES;
				CLANG_WARN_SUSPICIOUS_MOVE = YES;
				CLANG_WARN_UNGUARDED_AVAILABILITY = YES_AGGRESSIVE;
				CLANG_WARN_UNREACHABLE_CODE = YES;
				CLANG_WARN__DUPLICATE_METHOD_MATCH = YES;
				CODE_SIGN_IDENTITY = "iPhone Developer";
				COPY_PHASE_STRIP = NO;
				DEBUG_INFORMATION_FORMAT = dwarf;
				ENABLE_STRICT_OBJC_MSGSEND = YES;
				ENABLE_TESTABILITY = YES;
				GCC_C_LANGUAGE_STANDARD = gnu11;
				GCC_DYNAMIC_NO_PIC = NO;
				GCC_NO_COMMON_BLOCKS = YES;
				GCC_OPTIMIZATION_LEVEL = 0;
				GCC_PREPROCESSOR_DEFINITIONS = (
					"DEBUG=1",
					"$(inherited)",
				);
				GCC_WARN_64_TO_32_BIT_CONVERSION = YES;
				GCC_WARN_ABOUT_RETURN_TYPE = YES_ERROR;
				GCC_WARN_UNDECLARED_SELECTOR = YES;
				GCC_WARN_UNINITIALIZED_AUTOS = YES_AGGRESSIVE;
				GCC_WARN_UNUSED_FUNCTION = YES;
				GCC_WARN_UNUSED_VARIABLE = YES;
				IPHONEOS_DEPLOYMENT_TARGET = 11.4;
				MTL_ENABLE_DEBUG_INFO = YES;
				ONLY_ACTIVE_ARCH = YES;
				SDKROOT = iphoneos;
				SWIFT_ACTIVE_COMPILATION_CONDITIONS = DEBUG;
				SWIFT_OPTIMIZATION_LEVEL = "-Onone";
			};
			name = Debug;
		};
		D4B8FF9020E0FBD100E4C290 /* Release */ = {
			isa = XCBuildConfiguration;
			buildSettings = {
				ALWAYS_SEARCH_USER_PATHS = NO;
				CLANG_ANALYZER_NONNULL = YES;
				CLANG_ANALYZER_NUMBER_OBJECT_CONVERSION = YES_AGGRESSIVE;
				CLANG_CXX_LANGUAGE_STANDARD = "gnu++14";
				CLANG_CXX_LIBRARY = "libc++";
				CLANG_ENABLE_MODULES = YES;
				CLANG_ENABLE_OBJC_ARC = YES;
				CLANG_ENABLE_OBJC_WEAK = YES;
				CLANG_WARN_BLOCK_CAPTURE_AUTORELEASING = YES;
				CLANG_WARN_BOOL_CONVERSION = YES;
				CLANG_WARN_COMMA = YES;
				CLANG_WARN_CONSTANT_CONVERSION = YES;
				CLANG_WARN_DEPRECATED_OBJC_IMPLEMENTATIONS = YES;
				CLANG_WARN_DIRECT_OBJC_ISA_USAGE = YES_ERROR;
				CLANG_WARN_DOCUMENTATION_COMMENTS = YES;
				CLANG_WARN_EMPTY_BODY = YES;
				CLANG_WARN_ENUM_CONVERSION = YES;
				CLANG_WARN_INFINITE_RECURSION = YES;
				CLANG_WARN_INT_CONVERSION = YES;
				CLANG_WARN_NON_LITERAL_NULL_CONVERSION = YES;
				CLANG_WARN_OBJC_IMPLICIT_RETAIN_SELF = YES;
				CLANG_WARN_OBJC_LITERAL_CONVERSION = YES;
				CLANG_WARN_OBJC_ROOT_CLASS = YES_ERROR;
				CLANG_WARN_RANGE_LOOP_ANALYSIS = YES;
				CLANG_WARN_STRICT_PROTOTYPES = YES;
				CLANG_WARN_SUSPICIOUS_MOVE = YES;
				CLANG_WARN_UNGUARDED_AVAILABILITY = YES_AGGRESSIVE;
				CLANG_WARN_UNREACHABLE_CODE = YES;
				CLANG_WARN__DUPLICATE_METHOD_MATCH = YES;
				CODE_SIGN_IDENTITY = "iPhone Developer";
				COPY_PHASE_STRIP = NO;
				DEBUG_INFORMATION_FORMAT = "dwarf-with-dsym";
				ENABLE_NS_ASSERTIONS = NO;
				ENABLE_STRICT_OBJC_MSGSEND = YES;
				GCC_C_LANGUAGE_STANDARD = gnu11;
				GCC_NO_COMMON_BLOCKS = YES;
				GCC_WARN_64_TO_32_BIT_CONVERSION = YES;
				GCC_WARN_ABOUT_RETURN_TYPE = YES_ERROR;
				GCC_WARN_UNDECLARED_SELECTOR = YES;
				GCC_WARN_UNINITIALIZED_AUTOS = YES_AGGRESSIVE;
				GCC_WARN_UNUSED_FUNCTION = YES;
				GCC_WARN_UNUSED_VARIABLE = YES;
				IPHONEOS_DEPLOYMENT_TARGET = 11.4;
				MTL_ENABLE_DEBUG_INFO = NO;
				SDKROOT = iphoneos;
				SWIFT_COMPILATION_MODE = wholemodule;
				SWIFT_OPTIMIZATION_LEVEL = "-O";
				VALIDATE_PRODUCT = YES;
			};
			name = Release;
		};
		D4B8FF9220E0FBD100E4C290 /* Debug */ = {
			isa = XCBuildConfiguration;
			baseConfigurationReference = B3808CBF5B21CC98BA231569 /* Pods-Famous Quote Quiz.debug.xcconfig */;
			buildSettings = {
				ASSETCATALOG_COMPILER_APPICON_NAME = AppIcon;
				CODE_SIGN_STYLE = Automatic;
				DEVELOPMENT_TEAM = P2296L6VKM;
				INFOPLIST_FILE = "Famous Quote Quiz/Info.plist";
				LD_RUNPATH_SEARCH_PATHS = (
					"$(inherited)",
					"@executable_path/Frameworks",
				);
				PRODUCT_BUNDLE_IDENTIFIER = "com.Penev.Famous-Quote-Quiz";
				PRODUCT_NAME = "$(TARGET_NAME)";
				SWIFT_VERSION = 4.0;
				TARGETED_DEVICE_FAMILY = 1;
			};
			name = Debug;
		};
		D4B8FF9320E0FBD100E4C290 /* Release */ = {
			isa = XCBuildConfiguration;
			baseConfigurationReference = 20883127F410C41CA118DD08 /* Pods-Famous Quote Quiz.release.xcconfig */;
			buildSettings = {
				ASSETCATALOG_COMPILER_APPICON_NAME = AppIcon;
				CODE_SIGN_STYLE = Automatic;
				DEVELOPMENT_TEAM = P2296L6VKM;
				INFOPLIST_FILE = "Famous Quote Quiz/Info.plist";
				LD_RUNPATH_SEARCH_PATHS = (
					"$(inherited)",
					"@executable_path/Frameworks",
				);
				PRODUCT_BUNDLE_IDENTIFIER = "com.Penev.Famous-Quote-Quiz";
				PRODUCT_NAME = "$(TARGET_NAME)";
				SWIFT_VERSION = 4.0;
				TARGETED_DEVICE_FAMILY = 1;
			};
			name = Release;
		};
/* End XCBuildConfiguration section */

/* Begin XCConfigurationList section */
		D4B8FF7A20E0FBCD00E4C290 /* Build configuration list for PBXProject "Famous Quote Quiz" */ = {
			isa = XCConfigurationList;
			buildConfigurations = (
				D4B8FF8F20E0FBD100E4C290 /* Debug */,
				D4B8FF9020E0FBD100E4C290 /* Release */,
			);
			defaultConfigurationIsVisible = 0;
			defaultConfigurationName = Release;
		};
		D4B8FF9120E0FBD100E4C290 /* Build configuration list for PBXNativeTarget "Famous Quote Quiz" */ = {
			isa = XCConfigurationList;
			buildConfigurations = (
				D4B8FF9220E0FBD100E4C290 /* Debug */,
				D4B8FF9320E0FBD100E4C290 /* Release */,
			);
			defaultConfigurationIsVisible = 0;
			defaultConfigurationName = Release;
		};
/* End XCConfigurationList section */
	};
	rootObject = D4B8FF7720E0FBCD00E4C290 /* Project object */;
}
